// !$*UTF8*$!
{
	archiveVersion = 1;
	classes = {
	};
	objectVersion = 48;
	objects = {

/* Begin PBXBuildFile section */
		8A5D12C31F51F2FA001CEFD3 /* putText.c in Sources */ = {isa = PBXBuildFile; fileRef = 8A5D12C21F51F2FA001CEFD3 /* putText.c */; };
		8A5D12C51F52A5A2001CEFD3 /* putPinkGhost.c in Sources */ = {isa = PBXBuildFile; fileRef = 8A5D12C41F52A5A2001CEFD3 /* putPinkGhost.c */; };
		D26026211F51612C00D5000A /* main.c in Sources */ = {isa = PBXBuildFile; fileRef = D26026201F51612C00D5000A /* main.c */; };
		D26026271F51615D00D5000A /* initSdl.c in Sources */ = {isa = PBXBuildFile; fileRef = D26026251F51615D00D5000A /* initSdl.c */; };
		D26026291F51644E00D5000A /* drawMap.c in Sources */ = {isa = PBXBuildFile; fileRef = D26026281F51644E00D5000A /* drawMap.c */; };
		D260262B1F51B0CB00D5000A /* putPacman.c in Sources */ = {isa = PBXBuildFile; fileRef = D260262A1F51B0CB00D5000A /* putPacman.c */; };
		D26517E41F5404CB00F302C2 /* SDL2_image.framework in Frameworks */ = {isa = PBXBuildFile; fileRef = 8A5D12C61F52BE17001CEFD3 /* SDL2_image.framework */; };
		D26517E51F5404CB00F302C2 /* SDL2_ttf.framework in Frameworks */ = {isa = PBXBuildFile; fileRef = 8A5D12C01F51F0DC001CEFD3 /* SDL2_ttf.framework */; };
		D26517E61F5404CB00F302C2 /* SDL2.framework in Frameworks */ = {isa = PBXBuildFile; fileRef = D26026231F51614E00D5000A /* SDL2.framework */; };
		D26517EA1F540F3900F302C2 /* putRedGhost.c in Sources */ = {isa = PBXBuildFile; fileRef = D26517E91F540F3900F302C2 /* putRedGhost.c */; };
		D26517EC1F540F6100F302C2 /* putYellowGhost.c in Sources */ = {isa = PBXBuildFile; fileRef = D26517EB1F540F6100F302C2 /* putYellowGhost.c */; };
		D26517EE1F54109900F302C2 /* putBlueGhost.c in Sources */ = {isa = PBXBuildFile; fileRef = D26517ED1F54109900F302C2 /* putBlueGhost.c */; };
		D26517F21F542A1000F302C2 /* intro.c in Sources */ = {isa = PBXBuildFile; fileRef = D26517F11F542A0F00F302C2 /* intro.c */; };
/* End PBXBuildFile section */

/* Begin PBXCopyFilesBuildPhase section */
		D26026141F5160DF00D5000A /* CopyFiles */ = {
			isa = PBXCopyFilesBuildPhase;
			buildActionMask = 2147483647;
			dstPath = /usr/share/man/man1/;
			dstSubfolderSpec = 0;
			files = (
			);
			runOnlyForDeploymentPostprocessing = 1;
		};
/* End PBXCopyFilesBuildPhase section */

/* Begin PBXFileReference section */
		8A5D12C01F51F0DC001CEFD3 /* SDL2_ttf.framework */ = {isa = PBXFileReference; lastKnownFileType = wrapper.framework; path = SDL2_ttf.framework; sourceTree = "<group>"; };
		8A5D12C21F51F2FA001CEFD3 /* putText.c */ = {isa = PBXFileReference; fileEncoding = 4; lastKnownFileType = sourcecode.c.c; path = putText.c; sourceTree = "<group>"; };
		8A5D12C41F52A5A2001CEFD3 /* putPinkGhost.c */ = {isa = PBXFileReference; fileEncoding = 4; lastKnownFileType = sourcecode.c.c; path = putPinkGhost.c; sourceTree = "<group>"; };
		8A5D12C61F52BE17001CEFD3 /* SDL2_image.framework */ = {isa = PBXFileReference; lastKnownFileType = wrapper.framework; path = SDL2_image.framework; sourceTree = "<group>"; };
		D26026161F5160DF00D5000A /* pacman */ = {isa = PBXFileReference; explicitFileType = "compiled.mach-o.executable"; includeInIndex = 0; path = pacman; sourceTree = BUILT_PRODUCTS_DIR; };
		D26026201F51612C00D5000A /* main.c */ = {isa = PBXFileReference; fileEncoding = 4; lastKnownFileType = sourcecode.c.c; path = main.c; sourceTree = "<group>"; };
		D26026231F51614E00D5000A /* SDL2.framework */ = {isa = PBXFileReference; lastKnownFileType = wrapper.framework; path = SDL2.framework; sourceTree = "<group>"; };
		D26026251F51615D00D5000A /* initSdl.c */ = {isa = PBXFileReference; fileEncoding = 4; lastKnownFileType = sourcecode.c.c; path = initSdl.c; sourceTree = "<group>"; };
		D26026261F51615D00D5000A /* pacman.h */ = {isa = PBXFileReference; fileEncoding = 4; lastKnownFileType = sourcecode.c.h; path = pacman.h; sourceTree = "<group>"; };
		D26026281F51644E00D5000A /* drawMap.c */ = {isa = PBXFileReference; lastKnownFileType = sourcecode.c.c; path = drawMap.c; sourceTree = "<group>"; };
		D260262A1F51B0CB00D5000A /* putPacman.c */ = {isa = PBXFileReference; lastKnownFileType = sourcecode.c.c; path = putPacman.c; sourceTree = "<group>"; };
		D26517E91F540F3900F302C2 /* putRedGhost.c */ = {isa = PBXFileReference; lastKnownFileType = sourcecode.c.c; path = putRedGhost.c; sourceTree = "<group>"; };
		D26517EB1F540F6100F302C2 /* putYellowGhost.c */ = {isa = PBXFileReference; lastKnownFileType = sourcecode.c.c; path = putYellowGhost.c; sourceTree = "<group>"; };
		D26517ED1F54109900F302C2 /* putBlueGhost.c */ = {isa = PBXFileReference; lastKnownFileType = sourcecode.c.c; path = putBlueGhost.c; sourceTree = "<group>"; };
		D26517F11F542A0F00F302C2 /* intro.c */ = {isa = PBXFileReference; fileEncoding = 4; lastKnownFileType = sourcecode.c.c; path = intro.c; sourceTree = "<group>"; };
/* End PBXFileReference section */

/* Begin PBXFrameworksBuildPhase section */
		D26026131F5160DF00D5000A /* Frameworks */ = {
			isa = PBXFrameworksBuildPhase;
			buildActionMask = 2147483647;
			files = (
				D26517E41F5404CB00F302C2 /* SDL2_image.framework in Frameworks */,
				D26517E51F5404CB00F302C2 /* SDL2_ttf.framework in Frameworks */,
				D26517E61F5404CB00F302C2 /* SDL2.framework in Frameworks */,
			);
			runOnlyForDeploymentPostprocessing = 0;
		};
/* End PBXFrameworksBuildPhase section */

/* Begin PBXGroup section */
		D260260D1F5160DF00D5000A = {
			isa = PBXGroup;
			children = (
				D26026281F51644E00D5000A /* drawMap.c */,
				D26026251F51615D00D5000A /* initSdl.c */,
				D26517F11F542A0F00F302C2 /* intro.c */,
				D26026201F51612C00D5000A /* main.c */,
				D26517ED1F54109900F302C2 /* putBlueGhost.c */,
				D260262A1F51B0CB00D5000A /* putPacman.c */,
				8A5D12C41F52A5A2001CEFD3 /* putPinkGhost.c */,
				D26517E91F540F3900F302C2 /* putRedGhost.c */,
				8A5D12C21F51F2FA001CEFD3 /* putText.c */,
				D26517EB1F540F6100F302C2 /* putYellowGhost.c */,
				D26026261F51615D00D5000A /* pacman.h */,
				D26026221F51614E00D5000A /* Frameworks */,
				D26026171F5160DF00D5000A /* Products */,
			);
			sourceTree = "<group>";
		};
		D26026171F5160DF00D5000A /* Products */ = {
			isa = PBXGroup;
			children = (
				D26026161F5160DF00D5000A /* pacman */,
			);
			name = Products;
			sourceTree = "<group>";
		};
		D26026221F51614E00D5000A /* Frameworks */ = {
			isa = PBXGroup;
			children = (
				8A5D12C61F52BE17001CEFD3 /* SDL2_image.framework */,
				8A5D12C01F51F0DC001CEFD3 /* SDL2_ttf.framework */,
				D26026231F51614E00D5000A /* SDL2.framework */,
			);
			name = Frameworks;
			sourceTree = "<group>";
		};
/* End PBXGroup section */

/* Begin PBXNativeTarget section */
		D26026151F5160DF00D5000A /* pacman */ = {
			isa = PBXNativeTarget;
			buildConfigurationList = D260261D1F5160DF00D5000A /* Build configuration list for PBXNativeTarget "pacman" */;
			buildPhases = (
				D26026121F5160DF00D5000A /* Sources */,
				D26026131F5160DF00D5000A /* Frameworks */,
				D26026141F5160DF00D5000A /* CopyFiles */,
			);
			buildRules = (
			);
			dependencies = (
			);
			name = pacman;
			productName = pacman;
			productReference = D26026161F5160DF00D5000A /* pacman */;
			productType = "com.apple.product-type.tool";
		};
/* End PBXNativeTarget section */

/* Begin PBXProject section */
		D260260E1F5160DF00D5000A /* Project object */ = {
			isa = PBXProject;
			attributes = {
				LastUpgradeCheck = 0900;
				ORGANIZATIONNAME = "Kostiantyn Kotliarov";
				TargetAttributes = {
					D26026151F5160DF00D5000A = {
						CreatedOnToolsVersion = 9.0;
					};
				};
			};
			buildConfigurationList = D26026111F5160DF00D5000A /* Build configuration list for PBXProject "pacman" */;
			compatibilityVersion = "Xcode 8.0";
			developmentRegion = en;
			hasScannedForEncodings = 0;
			knownRegions = (
				en,
			);
			mainGroup = D260260D1F5160DF00D5000A;
			productRefGroup = D26026171F5160DF00D5000A /* Products */;
			projectDirPath = "";
			projectRoot = "";
			targets = (
				D26026151F5160DF00D5000A /* pacman */,
			);
		};
/* End PBXProject section */

/* Begin PBXSourcesBuildPhase section */
		D26026121F5160DF00D5000A /* Sources */ = {
			isa = PBXSourcesBuildPhase;
			buildActionMask = 2147483647;
			files = (
				D26026211F51612C00D5000A /* main.c in Sources */,
				8A5D12C51F52A5A2001CEFD3 /* putPinkGhost.c in Sources */,
				D260262B1F51B0CB00D5000A /* putPacman.c in Sources */,
				D26517EE1F54109900F302C2 /* putBlueGhost.c in Sources */,
				D26517F21F542A1000F302C2 /* intro.c in Sources */,
				D26026271F51615D00D5000A /* initSdl.c in Sources */,
				8A5D12C31F51F2FA001CEFD3 /* putText.c in Sources */,
				D26517EC1F540F6100F302C2 /* putYellowGhost.c in Sources */,
				D26026291F51644E00D5000A /* drawMap.c in Sources */,
				D26517EA1F540F3900F302C2 /* putRedGhost.c in Sources */,
			);
			runOnlyForDeploymentPostprocessing = 0;
		};
/* End PBXSourcesBuildPhase section */

/* Begin XCBuildConfiguration section */
		D260261B1F5160DF00D5000A /* Debug */ = {
			isa = XCBuildConfiguration;
			buildSettings = {
				ALWAYS_SEARCH_USER_PATHS = NO;
				CLANG_ANALYZER_NONNULL = YES;
				CLANG_ANALYZER_NUMBER_OBJECT_CONVERSION = YES_AGGRESSIVE;
				CLANG_CXX_LANGUAGE_STANDARD = "gnu++14";
				CLANG_CXX_LIBRARY = "libc++";
				CLANG_ENABLE_MODULES = YES;
				CLANG_ENABLE_OBJC_ARC = YES;
				CLANG_WARN_BLOCK_CAPTURE_AUTORELEASING = YES;
				CLANG_WARN_BOOL_CONVERSION = YES;
				CLANG_WARN_COMMA = YES;
				CLANG_WARN_CONSTANT_CONVERSION = YES;
				CLANG_WARN_DIRECT_OBJC_ISA_USAGE = YES_ERROR;
				CLANG_WARN_DOCUMENTATION_COMMENTS = YES;
				CLANG_WARN_EMPTY_BODY = YES;
				CLANG_WARN_ENUM_CONVERSION = YES;
				CLANG_WARN_INFINITE_RECURSION = YES;
				CLANG_WARN_INT_CONVERSION = YES;
				CLANG_WARN_NON_LITERAL_NULL_CONVERSION = YES;
				CLANG_WARN_OBJC_LITERAL_CONVERSION = YES;
				CLANG_WARN_OBJC_ROOT_CLASS = YES_ERROR;
				CLANG_WARN_RANGE_LOOP_ANALYSIS = YES;
				CLANG_WARN_STRICT_PROTOTYPES = YES;
				CLANG_WARN_SUSPICIOUS_MOVE = YES;
				CLANG_WARN_UNGUARDED_AVAILABILITY = YES_AGGRESSIVE;
				CLANG_WARN_UNREACHABLE_CODE = YES;
				CLANG_WARN__DUPLICATE_METHOD_MATCH = YES;
				CODE_SIGN_IDENTITY = "-";
				COPY_PHASE_STRIP = NO;
				DEBUG_INFORMATION_FORMAT = dwarf;
				ENABLE_STRICT_OBJC_MSGSEND = YES;
				ENABLE_TESTABILITY = YES;
				GCC_C_LANGUAGE_STANDARD = gnu11;
				GCC_DYNAMIC_NO_PIC = NO;
				GCC_NO_COMMON_BLOCKS = YES;
				GCC_OPTIMIZATION_LEVEL = 0;
				GCC_PREPROCESSOR_DEFINITIONS = (
					"DEBUG=1",
					"$(inherited)",
				);
				GCC_WARN_64_TO_32_BIT_CONVERSION = YES;
				GCC_WARN_ABOUT_RETURN_TYPE = YES_ERROR;
				GCC_WARN_UNDECLARED_SELECTOR = YES;
				GCC_WARN_UNINITIALIZED_AUTOS = YES_AGGRESSIVE;
				GCC_WARN_UNUSED_FUNCTION = YES;
				GCC_WARN_UNUSED_VARIABLE = YES;
				MACOSX_DEPLOYMENT_TARGET = 10.13;
				MTL_ENABLE_DEBUG_INFO = YES;
				ONLY_ACTIVE_ARCH = YES;
				SDKROOT = macosx;
			};
			name = Debug;
		};
		D260261C1F5160DF00D5000A /* Release */ = {
			isa = XCBuildConfiguration;
			buildSettings = {
				ALWAYS_SEARCH_USER_PATHS = NO;
				CLANG_ANALYZER_NONNULL = YES;
				CLANG_ANALYZER_NUMBER_OBJECT_CONVERSION = YES_AGGRESSIVE;
				CLANG_CXX_LANGUAGE_STANDARD = "gnu++14";
				CLANG_CXX_LIBRARY = "libc++";
				CLANG_ENABLE_MODULES = YES;
				CLANG_ENABLE_OBJC_ARC = YES;
				CLANG_WARN_BLOCK_CAPTURE_AUTORELEASING = YES;
				CLANG_WARN_BOOL_CONVERSION = YES;
				CLANG_WARN_COMMA = YES;
				CLANG_WARN_CONSTANT_CONVERSION = YES;
				CLANG_WARN_DIRECT_OBJC_ISA_USAGE = YES_ERROR;
				CLANG_WARN_DOCUMENTATION_COMMENTS = YES;
				CLANG_WARN_EMPTY_BODY = YES;
				CLANG_WARN_ENUM_CONVERSION = YES;
				CLANG_WARN_INFINITE_RECURSION = YES;
				CLANG_WARN_INT_CONVERSION = YES;
				CLANG_WARN_NON_LITERAL_NULL_CONVERSION = YES;
				CLANG_WARN_OBJC_LITERAL_CONVERSION = YES;
				CLANG_WARN_OBJC_ROOT_CLASS = YES_ERROR;
				CLANG_WARN_RANGE_LOOP_ANALYSIS = YES;
				CLANG_WARN_STRICT_PROTOTYPES = YES;
				CLANG_WARN_SUSPICIOUS_MOVE = YES;
				CLANG_WARN_UNGUARDED_AVAILABILITY = YES_AGGRESSIVE;
				CLANG_WARN_UNREACHABLE_CODE = YES;
				CLANG_WARN__DUPLICATE_METHOD_MATCH = YES;
				CODE_SIGN_IDENTITY = "-";
				COPY_PHASE_STRIP = NO;
				DEBUG_INFORMATION_FORMAT = "dwarf-with-dsym";
				ENABLE_NS_ASSERTIONS = NO;
				ENABLE_STRICT_OBJC_MSGSEND = YES;
				GCC_C_LANGUAGE_STANDARD = gnu11;
				GCC_NO_COMMON_BLOCKS = YES;
				GCC_WARN_64_TO_32_BIT_CONVERSION = YES;
				GCC_WARN_ABOUT_RETURN_TYPE = YES_ERROR;
				GCC_WARN_UNDECLARED_SELECTOR = YES;
				GCC_WARN_UNINITIALIZED_AUTOS = YES_AGGRESSIVE;
				GCC_WARN_UNUSED_FUNCTION = YES;
				GCC_WARN_UNUSED_VARIABLE = YES;
				MACOSX_DEPLOYMENT_TARGET = 10.13;
				MTL_ENABLE_DEBUG_INFO = NO;
				SDKROOT = macosx;
			};
			name = Release;
		};
		D260261E1F5160DF00D5000A /* Debug */ = {
			isa = XCBuildConfiguration;
			buildSettings = {
				FRAMEWORK_SEARCH_PATHS = (
					"$(inherited)",
					"$(PROJECT_DIR)",
				);
				MACOSX_DEPLOYMENT_TARGET = 10.10;
				PRODUCT_NAME = "$(TARGET_NAME)";
			};
			name = Debug;
		};
		D260261F1F5160DF00D5000A /* Release */ = {
			isa = XCBuildConfiguration;
			buildSettings = {
				FRAMEWORK_SEARCH_PATHS = (
					"$(inherited)",
					"$(PROJECT_DIR)",
				);
				MACOSX_DEPLOYMENT_TARGET = 10.10;
				PRODUCT_NAME = "$(TARGET_NAME)";
			};
			name = Release;
		};
/* End XCBuildConfiguration section */

/* Begin XCConfigurationList section */
		D26026111F5160DF00D5000A /* Build configuration list for PBXProject "pacman" */ = {
			isa = XCConfigurationList;
			buildConfigurations = (
				D260261B1F5160DF00D5000A /* Debug */,
				D260261C1F5160DF00D5000A /* Release */,
			);
			defaultConfigurationIsVisible = 0;
			defaultConfigurationName = Release;
		};
		D260261D1F5160DF00D5000A /* Build configuration list for PBXNativeTarget "pacman" */ = {
			isa = XCConfigurationList;
			buildConfigurations = (
				D260261E1F5160DF00D5000A /* Debug */,
				D260261F1F5160DF00D5000A /* Release */,
			);
			defaultConfigurationIsVisible = 0;
			defaultConfigurationName = Release;
		};
/* End XCConfigurationList section */
	};
	rootObject = D260260E1F5160DF00D5000A /* Project object */;
}
